# THIS IS AN AUTOGENERATED FILE. DO NOT EDIT THIS FILE DIRECTLY.
# yarn lockfile v1


bootflat@^2.0.4:
  version "2.0.4"
  resolved "https://registry.yarnpkg.com/bootflat/-/bootflat-2.0.4.tgz#06f432d501178c328dd400d4cad13729c02a954c"
  integrity sha512-2lpZ2iTE9U0rstKvEgdcw+2ScmbS0B3dxAJ/5atQ/z5yJO4vyxRh8DIinJoXx1EX40X/AndAw/DCOKzW4Pii3w==
